
Microsoft Visual Studio Solution File, Format Version 12.00
# Visual Studio Version 17
VisualStudioVersion = 17.11.35327.3
MinimumVisualStudioVersion = 10.0.40219.1
Project("{FAE04EC0-301F-11D3-BF4B-00C04F79EFBC}") = "arithmetic expression", "arithmetic expression\arithmetic expression.csproj", "{A43AE8B8-28D9-4D1B-B14A-C543F5780E9F}"
EndProject
Global
	GlobalSection(SolutionConfigurationPlatforms) = preSolution
		Debug|Any CPU = Debug|Any CPU
		Release|Any CPU = Release|Any CPU
	EndGlobalSection
	GlobalSection(ProjectConfigurationPlatforms) = postSolution
		{A43AE8B8-28D9-4D1B-B14A-C543F5780E9F}.Debug|Any CPU.ActiveCfg = Debug|Any CPU
		{A43AE8B8-28D9-4D1B-B14A-C543F5780E9F}.Debug|Any CPU.Build.0 = Debug|Any CPU
		{A43AE8B8-28D9-4D1B-B14A-C543F5780E9F}.Release|Any CPU.ActiveCfg = Release|Any CPU
		{A43AE8B8-28D9-4D1B-B14A-C543F5780E9F}.Release|Any CPU.Build.0 = Release|Any CPU
	EndGlobalSection
	GlobalSection(SolutionProperties) = preSolution
		HideSolutionNode = FALSE
	EndGlobalSection
	GlobalSection(ExtensibilityGlobals) = postSolution
		SolutionGuid = {D217604A-52EF-4CBA-9F0F-1C435900B449}
	EndGlobalSection
EndGlobal
