
Microsoft Visual Studio Solution File, Format Version 12.00
# Visual Studio Version 17
VisualStudioVersion = 17.11.35327.3
MinimumVisualStudioVersion = 10.0.40219.1
Project("{FAE04EC0-301F-11D3-BF4B-00C04F79EFBC}") = "censorship", "censorship\censorship.csproj", "{1C3E2B24-07C4-4278-8F85-16469BD5709C}"
EndProject
Global
	GlobalSection(SolutionConfigurationPlatforms) = preSolution
		Debug|Any CPU = Debug|Any CPU
		Release|Any CPU = Release|Any CPU
	EndGlobalSection
	GlobalSection(ProjectConfigurationPlatforms) = postSolution
		{1C3E2B24-07C4-4278-8F85-16469BD5709C}.Debug|Any CPU.ActiveCfg = Debug|Any CPU
		{1C3E2B24-07C4-4278-8F85-16469BD5709C}.Debug|Any CPU.Build.0 = Debug|Any CPU
		{1C3E2B24-07C4-4278-8F85-16469BD5709C}.Release|Any CPU.ActiveCfg = Release|Any CPU
		{1C3E2B24-07C4-4278-8F85-16469BD5709C}.Release|Any CPU.Build.0 = Release|Any CPU
	EndGlobalSection
	GlobalSection(SolutionProperties) = preSolution
		HideSolutionNode = FALSE
	EndGlobalSection
	GlobalSection(ExtensibilityGlobals) = postSolution
		SolutionGuid = {2078AEBC-02AF-4F88-95CA-EE482CFCAA92}
	EndGlobalSection
EndGlobal
